
Microsoft Visual Studio Solution File, Format Version 12.00
# Visual Studio Version 16
VisualStudioVersion = 16.0.30524.135
MinimumVisualStudioVersion = 10.0.40219.1
Project("{FAE04EC0-301F-11D3-BF4B-00C04F79EFBC}") = "WebAPICRUDServerApp", "WebAPICRUDServerApp.csproj", "{FA5C3DDB-ECB8-4F51-8E7C-60F58A2D6140}"
EndProject
Global
	GlobalSection(SolutionConfigurationPlatforms) = preSolution
		Debug|Any CPU = Debug|Any CPU
		Release|Any CPU = Release|Any CPU
	EndGlobalSection
	GlobalSection(ProjectConfigurationPlatforms) = postSolution
		{FA5C3DDB-ECB8-4F51-8E7C-60F58A2D6140}.Debug|Any CPU.ActiveCfg = Debug|Any CPU
		{FA5C3DDB-ECB8-4F51-8E7C-60F58A2D6140}.Debug|Any CPU.Build.0 = Debug|Any CPU
		{FA5C3DDB-ECB8-4F51-8E7C-60F58A2D6140}.Release|Any CPU.ActiveCfg = Release|Any CPU
		{FA5C3DDB-ECB8-4F51-8E7C-60F58A2D6140}.Release|Any CPU.Build.0 = Release|Any CPU
	EndGlobalSection
	GlobalSection(SolutionProperties) = preSolution
		HideSolutionNode = FALSE
	EndGlobalSection
	GlobalSection(ExtensibilityGlobals) = postSolution
		SolutionGuid = {5C7E9F72-CCEE-4625-BFEB-31FB9EEC3EC3}
	EndGlobalSection
EndGlobal
